
Microsoft Visual Studio Solution File, Format Version 12.00
# Visual Studio Version 16
VisualStudioVersion = 16.0.31424.327
MinimumVisualStudioVersion = 10.0.40219.1
Project("{FAE04EC0-301F-11D3-BF4B-00C04F79EFBC}") = "dp_project", "dp_project\dp_project.csproj", "{960C14B1-5E03-4E1F-ADC4-BEB25BD0E5C0}"
EndProject
Global
	GlobalSection(SolutionConfigurationPlatforms) = preSolution
		Debug|Any CPU = Debug|Any CPU
		Release|Any CPU = Release|Any CPU
	EndGlobalSection
	GlobalSection(ProjectConfigurationPlatforms) = postSolution
		{960C14B1-5E03-4E1F-ADC4-BEB25BD0E5C0}.Debug|Any CPU.ActiveCfg = Debug|Any CPU
		{960C14B1-5E03-4E1F-ADC4-BEB25BD0E5C0}.Debug|Any CPU.Build.0 = Debug|Any CPU
		{960C14B1-5E03-4E1F-ADC4-BEB25BD0E5C0}.Release|Any CPU.ActiveCfg = Release|Any CPU
		{960C14B1-5E03-4E1F-ADC4-BEB25BD0E5C0}.Release|Any CPU.Build.0 = Release|Any CPU
	EndGlobalSection
	GlobalSection(SolutionProperties) = preSolution
		HideSolutionNode = FALSE
	EndGlobalSection
	GlobalSection(ExtensibilityGlobals) = postSolution
		SolutionGuid = {928B21EE-D4E6-44C3-BB89-001EAC0FD6A8}
	EndGlobalSection
EndGlobal
